
Microsoft Visual Studio Solution File, Format Version 12.00
# Visual Studio Version 17
VisualStudioVersion = 17.3.32901.215
MinimumVisualStudioVersion = 10.0.40219.1
Project("{FAE04EC0-301F-11D3-BF4B-00C04F79EFBC}") = "TweedeApplicatie", "TweedeApplicatie\TweedeApplicatie.csproj", "{BC8D2BB1-B0E1-4F40-A870-83B6BA655FAA}"
EndProject
Global
	GlobalSection(SolutionConfigurationPlatforms) = preSolution
		Debug|Any CPU = Debug|Any CPU
		Release|Any CPU = Release|Any CPU
	EndGlobalSection
	GlobalSection(ProjectConfigurationPlatforms) = postSolution
		{BC8D2BB1-B0E1-4F40-A870-83B6BA655FAA}.Debug|Any CPU.ActiveCfg = Debug|Any CPU
		{BC8D2BB1-B0E1-4F40-A870-83B6BA655FAA}.Debug|Any CPU.Build.0 = Debug|Any CPU
		{BC8D2BB1-B0E1-4F40-A870-83B6BA655FAA}.Release|Any CPU.ActiveCfg = Release|Any CPU
		{BC8D2BB1-B0E1-4F40-A870-83B6BA655FAA}.Release|Any CPU.Build.0 = Release|Any CPU
	EndGlobalSection
	GlobalSection(SolutionProperties) = preSolution
		HideSolutionNode = FALSE
	EndGlobalSection
	GlobalSection(ExtensibilityGlobals) = postSolution
		SolutionGuid = {382B0F1B-285D-4B59-AA71-0E735385B13C}
	EndGlobalSection
EndGlobal
